
Microsoft Visual Studio Solution File, Format Version 12.00
# Visual Studio Version 17
VisualStudioVersion = 17.14.36429.23
MinimumVisualStudioVersion = 10.0.40219.1
Project("{FAE04EC0-301F-11D3-BF4B-00C04F79EFBC}") = "00. Demo", "00. Demo\00. Demo.csproj", "{E95F5C32-2E37-4082-813F-7D75BD4258D1}"
EndProject
Project("{FAE04EC0-301F-11D3-BF4B-00C04F79EFBC}") = "01. Demo", "01. Demo\01. Demo.csproj", "{7A19D541-FD24-4064-B0C6-F536C8B03A96}"
EndProject
Project("{FAE04EC0-301F-11D3-BF4B-00C04F79EFBC}") = "03. Dict", "03. Dict\03. Dict.csproj", "{53A95D34-90BA-438A-A1CA-35AB63814EDD}"
EndProject
Project("{FAE04EC0-301F-11D3-BF4B-00C04F79EFBC}") = "04. PhoneNumber", "04. PhoneNumber\04. PhoneNumber.csproj", "{835F9ADF-0638-4B20-BE74-6352447CC102}"
EndProject
Project("{FAE04EC0-301F-11D3-BF4B-00C04F79EFBC}") = "z4-MinyorskaZadacha", "z4-MinyorskaZadacha\z4-MinyorskaZadacha.csproj", "{9AE9A26E-3BC7-4BA0-B9B4-3FFBFB0193EA}"
EndProject
Project("{FAE04EC0-301F-11D3-BF4B-00C04F79EFBC}") = "z1 - words", "z1 - words\z1 - words.csproj", "{01CFE1CF-141B-4737-BF1C-2139C39AE9DF}"
EndProject
Project("{FAE04EC0-301F-11D3-BF4B-00C04F79EFBC}") = "z2 - PhoneNumbers", "z2 - PhoneNumbers\z2 - PhoneNumbers.csproj", "{388AD59D-5897-4C0B-BAC6-470504864194}"
EndProject
Global
	GlobalSection(SolutionConfigurationPlatforms) = preSolution
		Debug|Any CPU = Debug|Any CPU
		Release|Any CPU = Release|Any CPU
	EndGlobalSection
	GlobalSection(ProjectConfigurationPlatforms) = postSolution
		{E95F5C32-2E37-4082-813F-7D75BD4258D1}.Debug|Any CPU.ActiveCfg = Debug|Any CPU
		{E95F5C32-2E37-4082-813F-7D75BD4258D1}.Debug|Any CPU.Build.0 = Debug|Any CPU
		{E95F5C32-2E37-4082-813F-7D75BD4258D1}.Release|Any CPU.ActiveCfg = Release|Any CPU
		{E95F5C32-2E37-4082-813F-7D75BD4258D1}.Release|Any CPU.Build.0 = Release|Any CPU
		{7A19D541-FD24-4064-B0C6-F536C8B03A96}.Debug|Any CPU.ActiveCfg = Debug|Any CPU
		{7A19D541-FD24-4064-B0C6-F536C8B03A96}.Debug|Any CPU.Build.0 = Debug|Any CPU
		{7A19D541-FD24-4064-B0C6-F536C8B03A96}.Release|Any CPU.ActiveCfg = Release|Any CPU
		{7A19D541-FD24-4064-B0C6-F536C8B03A96}.Release|Any CPU.Build.0 = Release|Any CPU
		{53A95D34-90BA-438A-A1CA-35AB63814EDD}.Debug|Any CPU.ActiveCfg = Debug|Any CPU
		{53A95D34-90BA-438A-A1CA-35AB63814EDD}.Debug|Any CPU.Build.0 = Debug|Any CPU
		{53A95D34-90BA-438A-A1CA-35AB63814EDD}.Release|Any CPU.ActiveCfg = Release|Any CPU
		{53A95D34-90BA-438A-A1CA-35AB63814EDD}.Release|Any CPU.Build.0 = Release|Any CPU
		{835F9ADF-0638-4B20-BE74-6352447CC102}.Debug|Any CPU.ActiveCfg = Debug|Any CPU
		{835F9ADF-0638-4B20-BE74-6352447CC102}.Debug|Any CPU.Build.0 = Debug|Any CPU
		{835F9ADF-0638-4B20-BE74-6352447CC102}.Release|Any CPU.ActiveCfg = Release|Any CPU
		{835F9ADF-0638-4B20-BE74-6352447CC102}.Release|Any CPU.Build.0 = Release|Any CPU
		{9AE9A26E-3BC7-4BA0-B9B4-3FFBFB0193EA}.Debug|Any CPU.ActiveCfg = Debug|Any CPU
		{9AE9A26E-3BC7-4BA0-B9B4-3FFBFB0193EA}.Debug|Any CPU.Build.0 = Debug|Any CPU
		{9AE9A26E-3BC7-4BA0-B9B4-3FFBFB0193EA}.Release|Any CPU.ActiveCfg = Release|Any CPU
		{9AE9A26E-3BC7-4BA0-B9B4-3FFBFB0193EA}.Release|Any CPU.Build.0 = Release|Any CPU
		{01CFE1CF-141B-4737-BF1C-2139C39AE9DF}.Debug|Any CPU.ActiveCfg = Debug|Any CPU
		{01CFE1CF-141B-4737-BF1C-2139C39AE9DF}.Debug|Any CPU.Build.0 = Debug|Any CPU
		{01CFE1CF-141B-4737-BF1C-2139C39AE9DF}.Release|Any CPU.ActiveCfg = Release|Any CPU
		{01CFE1CF-141B-4737-BF1C-2139C39AE9DF}.Release|Any CPU.Build.0 = Release|Any CPU
		{388AD59D-5897-4C0B-BAC6-470504864194}.Debug|Any CPU.ActiveCfg = Debug|Any CPU
		{388AD59D-5897-4C0B-BAC6-470504864194}.Debug|Any CPU.Build.0 = Debug|Any CPU
		{388AD59D-5897-4C0B-BAC6-470504864194}.Release|Any CPU.ActiveCfg = Release|Any CPU
		{388AD59D-5897-4C0B-BAC6-470504864194}.Release|Any CPU.Build.0 = Release|Any CPU
	EndGlobalSection
	GlobalSection(SolutionProperties) = preSolution
		HideSolutionNode = FALSE
	EndGlobalSection
	GlobalSection(ExtensibilityGlobals) = postSolution
		SolutionGuid = {D7FD3C98-AAC4-4FC3-AC6D-3F1D0A5D6D94}
	EndGlobalSection
EndGlobal
