
Microsoft Visual Studio Solution File, Format Version 12.00
# Visual Studio Version 17
VisualStudioVersion = 17.14.36429.23
MinimumVisualStudioVersion = 10.0.40219.1
Project("{FAE04EC0-301F-11D3-BF4B-00C04F79EFBC}") = "01. Deklarirane", "01. Deklarirane\01. Deklarirane.csproj", "{9094E0D8-29C9-403F-A8DC-B9F4229A5956}"
EndProject
Project("{FAE04EC0-301F-11D3-BF4B-00C04F79EFBC}") = "02. AddElements", "02. AddElements\02. AddElements.csproj", "{AB9868EC-77F1-4930-82B7-FB3B5E83925E}"
EndProject
Project("{FAE04EC0-301F-11D3-BF4B-00C04F79EFBC}") = "03. Metodi", "03. Metodi\03. Metodi.csproj", "{AE833BCC-8DCC-4910-9531-45A411E14F99}"
EndProject
Global
	GlobalSection(SolutionConfigurationPlatforms) = preSolution
		Debug|Any CPU = Debug|Any CPU
		Release|Any CPU = Release|Any CPU
	EndGlobalSection
	GlobalSection(ProjectConfigurationPlatforms) = postSolution
		{9094E0D8-29C9-403F-A8DC-B9F4229A5956}.Debug|Any CPU.ActiveCfg = Debug|Any CPU
		{9094E0D8-29C9-403F-A8DC-B9F4229A5956}.Debug|Any CPU.Build.0 = Debug|Any CPU
		{9094E0D8-29C9-403F-A8DC-B9F4229A5956}.Release|Any CPU.ActiveCfg = Release|Any CPU
		{9094E0D8-29C9-403F-A8DC-B9F4229A5956}.Release|Any CPU.Build.0 = Release|Any CPU
		{AB9868EC-77F1-4930-82B7-FB3B5E83925E}.Debug|Any CPU.ActiveCfg = Debug|Any CPU
		{AB9868EC-77F1-4930-82B7-FB3B5E83925E}.Debug|Any CPU.Build.0 = Debug|Any CPU
		{AB9868EC-77F1-4930-82B7-FB3B5E83925E}.Release|Any CPU.ActiveCfg = Release|Any CPU
		{AB9868EC-77F1-4930-82B7-FB3B5E83925E}.Release|Any CPU.Build.0 = Release|Any CPU
		{AE833BCC-8DCC-4910-9531-45A411E14F99}.Debug|Any CPU.ActiveCfg = Debug|Any CPU
		{AE833BCC-8DCC-4910-9531-45A411E14F99}.Debug|Any CPU.Build.0 = Debug|Any CPU
		{AE833BCC-8DCC-4910-9531-45A411E14F99}.Release|Any CPU.ActiveCfg = Release|Any CPU
		{AE833BCC-8DCC-4910-9531-45A411E14F99}.Release|Any CPU.Build.0 = Release|Any CPU
	EndGlobalSection
	GlobalSection(SolutionProperties) = preSolution
		HideSolutionNode = FALSE
	EndGlobalSection
	GlobalSection(ExtensibilityGlobals) = postSolution
		SolutionGuid = {CB0C7076-84A9-48E1-B1FB-B5718B03C136}
	EndGlobalSection
EndGlobal
