
Microsoft Visual Studio Solution File, Format Version 12.00
# Visual Studio Version 17
VisualStudioVersion = 17.14.36429.23
MinimumVisualStudioVersion = 10.0.40219.1
Project("{FAE04EC0-301F-11D3-BF4B-00C04F79EFBC}") = "001. Demo", "001. Demo\001. Demo.csproj", "{D9AE1060-AABC-401C-8AAD-1D063E85747C}"
EndProject
Project("{FAE04EC0-301F-11D3-BF4B-00C04F79EFBC}") = "01. AddElements", "01. AddElements\01. AddElements.csproj", "{C94420E9-97EE-4546-A704-4C321DDDAFAA}"
EndProject
Project("{FAE04EC0-301F-11D3-BF4B-00C04F79EFBC}") = "02. AddElements2", "02. AddElements2\02. AddElements2.csproj", "{FB1B926B-B1C3-4FD1-9EB9-E4072D355710}"
EndProject
Project("{FAE04EC0-301F-11D3-BF4B-00C04F79EFBC}") = "04. AddElementsChar", "04. AddElementsChar\04. AddElementsChar.csproj", "{6A001697-C2B0-40A6-B3F4-92AC14DD5EE5}"
EndProject
Project("{FAE04EC0-301F-11D3-BF4B-00C04F79EFBC}") = "05. AddElements_INT", "05. AddElements_INT\05. AddElements_INT.csproj", "{05358B00-E051-4CBD-A25F-D3FDECA9DDE1}"
EndProject
Project("{FAE04EC0-301F-11D3-BF4B-00C04F79EFBC}") = "06. SumMasivi", "06. SumMasivi\06. SumMasivi.csproj", "{BAEE0491-9AAD-42AD-A83C-C792D1139DFA}"
EndProject
Project("{FAE04EC0-301F-11D3-BF4B-00C04F79EFBC}") = "07.MinEl", "07.MinEl\07.MinEl.csproj", "{F5BC7E60-8902-4E6B-AB82-BC0A2DCF18DE}"
EndProject
Project("{FAE04EC0-301F-11D3-BF4B-00C04F79EFBC}") = "08. MetodiMasivi", "08. MetodiMasivi\08. MetodiMasivi.csproj", "{6D084662-2256-4153-A7A2-15D006C680B8}"
EndProject
Project("{FAE04EC0-301F-11D3-BF4B-00C04F79EFBC}") = "09. SortMasiv", "09. SortMasiv\09. SortMasiv.csproj", "{07893EBA-C82C-4AE3-A1BA-E8C68DE1310E}"
EndProject
Project("{FAE04EC0-301F-11D3-BF4B-00C04F79EFBC}") = "10. ObrashtaneMasiv", "10. ObrashtaneMasiv\10. ObrashtaneMasiv.csproj", "{5FF85937-2D68-46DE-BD43-C39959DC28A5}"
EndProject
Project("{FAE04EC0-301F-11D3-BF4B-00C04F79EFBC}") = "11. SumChetni", "11. SumChetni\11. SumChetni.csproj", "{F70EE3EC-A86E-470F-A517-0C597F80EF8F}"
EndProject
Project("{FAE04EC0-301F-11D3-BF4B-00C04F79EFBC}") = "12. BroyNecheetni", "12. BroyNecheetni\12. BroyNecheetni.csproj", "{8CAE74CD-F987-4B32-B26B-41E658CA755A}"
EndProject
Project("{FAE04EC0-301F-11D3-BF4B-00C04F79EFBC}") = "13.KratniNa5", "13.KratniNa5\13.KratniNa5.csproj", "{CEF4AFE9-BFF0-4F92-94DD-DEB75C6339BA}"
EndProject
Global
	GlobalSection(SolutionConfigurationPlatforms) = preSolution
		Debug|Any CPU = Debug|Any CPU
		Release|Any CPU = Release|Any CPU
	EndGlobalSection
	GlobalSection(ProjectConfigurationPlatforms) = postSolution
		{D9AE1060-AABC-401C-8AAD-1D063E85747C}.Debug|Any CPU.ActiveCfg = Debug|Any CPU
		{D9AE1060-AABC-401C-8AAD-1D063E85747C}.Debug|Any CPU.Build.0 = Debug|Any CPU
		{D9AE1060-AABC-401C-8AAD-1D063E85747C}.Release|Any CPU.ActiveCfg = Release|Any CPU
		{D9AE1060-AABC-401C-8AAD-1D063E85747C}.Release|Any CPU.Build.0 = Release|Any CPU
		{C94420E9-97EE-4546-A704-4C321DDDAFAA}.Debug|Any CPU.ActiveCfg = Debug|Any CPU
		{C94420E9-97EE-4546-A704-4C321DDDAFAA}.Debug|Any CPU.Build.0 = Debug|Any CPU
		{C94420E9-97EE-4546-A704-4C321DDDAFAA}.Release|Any CPU.ActiveCfg = Release|Any CPU
		{C94420E9-97EE-4546-A704-4C321DDDAFAA}.Release|Any CPU.Build.0 = Release|Any CPU
		{FB1B926B-B1C3-4FD1-9EB9-E4072D355710}.Debug|Any CPU.ActiveCfg = Debug|Any CPU
		{FB1B926B-B1C3-4FD1-9EB9-E4072D355710}.Debug|Any CPU.Build.0 = Debug|Any CPU
		{FB1B926B-B1C3-4FD1-9EB9-E4072D355710}.Release|Any CPU.ActiveCfg = Release|Any CPU
		{FB1B926B-B1C3-4FD1-9EB9-E4072D355710}.Release|Any CPU.Build.0 = Release|Any CPU
		{6A001697-C2B0-40A6-B3F4-92AC14DD5EE5}.Debug|Any CPU.ActiveCfg = Debug|Any CPU
		{6A001697-C2B0-40A6-B3F4-92AC14DD5EE5}.Debug|Any CPU.Build.0 = Debug|Any CPU
		{6A001697-C2B0-40A6-B3F4-92AC14DD5EE5}.Release|Any CPU.ActiveCfg = Release|Any CPU
		{6A001697-C2B0-40A6-B3F4-92AC14DD5EE5}.Release|Any CPU.Build.0 = Release|Any CPU
		{05358B00-E051-4CBD-A25F-D3FDECA9DDE1}.Debug|Any CPU.ActiveCfg = Debug|Any CPU
		{05358B00-E051-4CBD-A25F-D3FDECA9DDE1}.Debug|Any CPU.Build.0 = Debug|Any CPU
		{05358B00-E051-4CBD-A25F-D3FDECA9DDE1}.Release|Any CPU.ActiveCfg = Release|Any CPU
		{05358B00-E051-4CBD-A25F-D3FDECA9DDE1}.Release|Any CPU.Build.0 = Release|Any CPU
		{BAEE0491-9AAD-42AD-A83C-C792D1139DFA}.Debug|Any CPU.ActiveCfg = Debug|Any CPU
		{BAEE0491-9AAD-42AD-A83C-C792D1139DFA}.Debug|Any CPU.Build.0 = Debug|Any CPU
		{BAEE0491-9AAD-42AD-A83C-C792D1139DFA}.Release|Any CPU.ActiveCfg = Release|Any CPU
		{BAEE0491-9AAD-42AD-A83C-C792D1139DFA}.Release|Any CPU.Build.0 = Release|Any CPU
		{F5BC7E60-8902-4E6B-AB82-BC0A2DCF18DE}.Debug|Any CPU.ActiveCfg = Debug|Any CPU
		{F5BC7E60-8902-4E6B-AB82-BC0A2DCF18DE}.Debug|Any CPU.Build.0 = Debug|Any CPU
		{F5BC7E60-8902-4E6B-AB82-BC0A2DCF18DE}.Release|Any CPU.ActiveCfg = Release|Any CPU
		{F5BC7E60-8902-4E6B-AB82-BC0A2DCF18DE}.Release|Any CPU.Build.0 = Release|Any CPU
		{6D084662-2256-4153-A7A2-15D006C680B8}.Debug|Any CPU.ActiveCfg = Debug|Any CPU
		{6D084662-2256-4153-A7A2-15D006C680B8}.Debug|Any CPU.Build.0 = Debug|Any CPU
		{6D084662-2256-4153-A7A2-15D006C680B8}.Release|Any CPU.ActiveCfg = Release|Any CPU
		{6D084662-2256-4153-A7A2-15D006C680B8}.Release|Any CPU.Build.0 = Release|Any CPU
		{07893EBA-C82C-4AE3-A1BA-E8C68DE1310E}.Debug|Any CPU.ActiveCfg = Debug|Any CPU
		{07893EBA-C82C-4AE3-A1BA-E8C68DE1310E}.Debug|Any CPU.Build.0 = Debug|Any CPU
		{07893EBA-C82C-4AE3-A1BA-E8C68DE1310E}.Release|Any CPU.ActiveCfg = Release|Any CPU
		{07893EBA-C82C-4AE3-A1BA-E8C68DE1310E}.Release|Any CPU.Build.0 = Release|Any CPU
		{5FF85937-2D68-46DE-BD43-C39959DC28A5}.Debug|Any CPU.ActiveCfg = Debug|Any CPU
		{5FF85937-2D68-46DE-BD43-C39959DC28A5}.Debug|Any CPU.Build.0 = Debug|Any CPU
		{5FF85937-2D68-46DE-BD43-C39959DC28A5}.Release|Any CPU.ActiveCfg = Release|Any CPU
		{5FF85937-2D68-46DE-BD43-C39959DC28A5}.Release|Any CPU.Build.0 = Release|Any CPU
		{F70EE3EC-A86E-470F-A517-0C597F80EF8F}.Debug|Any CPU.ActiveCfg = Debug|Any CPU
		{F70EE3EC-A86E-470F-A517-0C597F80EF8F}.Debug|Any CPU.Build.0 = Debug|Any CPU
		{F70EE3EC-A86E-470F-A517-0C597F80EF8F}.Release|Any CPU.ActiveCfg = Release|Any CPU
		{F70EE3EC-A86E-470F-A517-0C597F80EF8F}.Release|Any CPU.Build.0 = Release|Any CPU
		{8CAE74CD-F987-4B32-B26B-41E658CA755A}.Debug|Any CPU.ActiveCfg = Debug|Any CPU
		{8CAE74CD-F987-4B32-B26B-41E658CA755A}.Debug|Any CPU.Build.0 = Debug|Any CPU
		{8CAE74CD-F987-4B32-B26B-41E658CA755A}.Release|Any CPU.ActiveCfg = Release|Any CPU
		{8CAE74CD-F987-4B32-B26B-41E658CA755A}.Release|Any CPU.Build.0 = Release|Any CPU
		{CEF4AFE9-BFF0-4F92-94DD-DEB75C6339BA}.Debug|Any CPU.ActiveCfg = Debug|Any CPU
		{CEF4AFE9-BFF0-4F92-94DD-DEB75C6339BA}.Debug|Any CPU.Build.0 = Debug|Any CPU
		{CEF4AFE9-BFF0-4F92-94DD-DEB75C6339BA}.Release|Any CPU.ActiveCfg = Release|Any CPU
		{CEF4AFE9-BFF0-4F92-94DD-DEB75C6339BA}.Release|Any CPU.Build.0 = Release|Any CPU
	EndGlobalSection
	GlobalSection(SolutionProperties) = preSolution
		HideSolutionNode = FALSE
	EndGlobalSection
	GlobalSection(ExtensibilityGlobals) = postSolution
		SolutionGuid = {E397D5CE-EF25-4B77-B621-81464FD3B3C3}
	EndGlobalSection
EndGlobal
